# This file is automatically @generated by Poetry and should not be changed by hand.

[[package]]
name = "adafruit-blinka"
version = "8.12.0"
description = "CircuitPython APIs for non-CircuitPython versions of Python such as CPython on Linux and MicroPython."
category = "main"
optional = false
python-versions = ">=3.7.0"
files = [
    {file = "Adafruit-Blinka-8.12.0.tar.gz", hash = "sha256:a4d034af02ad3bcff054159c2aec780b93879b3281399ffa9b7edd35fdf1206f"},
    {file = "Adafruit_Blinka-8.12.0-py3-none-any.whl", hash = "sha256:421c2516538a1b0b05551763003c7d9c5d377688cbbaa50966018c3bf9919840"},
]

[package.dependencies]
adafruit-circuitpython-typing = "*"
Adafruit-PlatformDetect = ">=3.13.0"
Adafruit-PureIO = ">=1.1.7"
pyftdi = ">=0.40.0"

[[package]]
name = "adafruit-circuitpython-bh1750"
version = "1.1.6"
description = "CircuitPython library for use with the Adafruit BH1750 breakout"
category = "main"
optional = false
python-versions = "*"
files = [
    {file = "adafruit-circuitpython-bh1750-1.1.6.tar.gz", hash = "sha256:255926d1cc4b73072a07acf16837e2f9eb6dca346779514b9a9811bfeb98929c"},
    {file = "adafruit_circuitpython_bh1750-1.1.6-py3-none-any.whl", hash = "sha256:2bb2dcae533cfd73d342cd30c71d9e56511ae96dc5c687a8061b7cae948af2ab"},
]

[package.dependencies]
Adafruit-Blinka = "*"
adafruit-circuitpython-busdevice = "*"
adafruit-circuitpython-register = "*"

[[package]]
name = "adafruit-circuitpython-busdevice"
version = "5.2.3"
description = "CircuitPython bus device classes to manage bus sharing."
category = "main"
optional = false
python-versions = "*"
files = [
    {file = "adafruit-circuitpython-busdevice-5.2.3.tar.gz", hash = "sha256:faa572b613a0732de938ed008402dfb105d91adb5d0096bf2709f46669a94885"},
    {file = "adafruit_circuitpython_busdevice-5.2.3-py3-none-any.whl", hash = "sha256:062d010b29ba814c764fbe3a693b7ebbd329b70a9fd5ebde40e0faa020e5fae7"},
]

[package.dependencies]
Adafruit-Blinka = ">=7.0.0"
adafruit-circuitpython-typing = "*"

[[package]]
name = "adafruit-circuitpython-register"
version = "1.9.15"
description = "CircuitPython data descriptor classes to represent hardware registers on I2C and SPI devices."
category = "main"
optional = false
python-versions = "*"
files = [
    {file = "adafruit-circuitpython-register-1.9.15.tar.gz", hash = "sha256:3134be4e188d098c32d7a903497003558473ac719b7963aff0533c3ba2e6d0ed"},
    {file = "adafruit_circuitpython_register-1.9.15-py3-none-any.whl", hash = "sha256:914750f88d237b03f6d363495c198bd3c2e6616715f39366573e8cac66df4d8e"},
]

[package.dependencies]
Adafruit-Blinka = "*"
adafruit-circuitpython-busdevice = "*"
adafruit-circuitpython-typing = ">=1.3.1,<2.0.0"
typing-extensions = ">=4.0,<5.0"

[[package]]
name = "adafruit-circuitpython-requests"
version = "1.12.12"
description = "A requests-like library for web interfacing"
category = "main"
optional = false
python-versions = "*"
files = [
    {file = "adafruit-circuitpython-requests-1.12.12.tar.gz", hash = "sha256:d7d0b38c4dac9425718f1818671feef917f5cfda21548fc35547f3f199d8c146"},
    {file = "adafruit_circuitpython_requests-1.12.12-py3-none-any.whl", hash = "sha256:53e1fe68dac4c3b3d93657d1eb14a3efeffbea169d3555672f241a33635b5d4c"},
]

[package.dependencies]
Adafruit-Blinka = "*"

[[package]]
name = "adafruit-circuitpython-typing"
version = "1.8.3"
description = "Types needed for type annotation that are not in `typing`"
category = "main"
optional = false
python-versions = "*"
files = [
    {file = "adafruit-circuitpython-typing-1.8.3.tar.gz", hash = "sha256:6c1c2db749a7daa1528548cb899397bf4793895c80ffe2a7ce0922ad3aeabf01"},
    {file = "adafruit_circuitpython_typing-1.8.3-py3-none-any.whl", hash = "sha256:31d0b597235fb8a56e875f4588800b4b2ac59c00fd554540cbe7759586aa0622"},
]

[package.dependencies]
Adafruit-Blinka = "*"
adafruit-circuitpython-busdevice = "*"
adafruit-circuitpython-requests = "*"
typing-extensions = ">=4.0,<5.0"

[[package]]
name = "adafruit-platformdetect"
version = "3.39.0"
description = "Platform detection for use by libraries like Adafruit-Blinka."
category = "main"
optional = false
python-versions = ">=3.7.0"
files = [
    {file = "Adafruit-PlatformDetect-3.39.0.tar.gz", hash = "sha256:979ba983726ec7e1c7b6260cf79fb9a8bd399339951ebccf62ba887a36da5596"},
]

[[package]]
name = "adafruit-pureio"
version = "1.1.9"
description = "Pure python (i.e. no native extensions) access to Linux IO    including I2C and SPI. Drop in replacement for smbus and spidev modules."
category = "main"
optional = false
python-versions = ">=3.5.0"
files = [
    {file = "Adafruit_PureIO-1.1.9.tar.gz", hash = "sha256:2caf22fb07c7f771d83267f331a76cde314723f884a9570ea6f768730c87a879"},
]

[[package]]
name = "board"
version = "1.0"
description = "Standard Board mechanism for Dojo tasks"
category = "main"
optional = false
python-versions = "*"
files = [
    {file = "board-1.0-py2.py3-none-any.whl", hash = "sha256:b97c986d0190a2a5181a7fe28959cd8515520b87f672796e21e1b0d32cc63e2f"},
    {file = "board-1.0.tar.gz", hash = "sha256:cd718c3322a126d86455e24ae0cebb59a567cbdbaf03696391dccf88c8f456d6"},
]

[[package]]
name = "pyftdi"
version = "0.54.0"
description = "FTDI device driver (pure Python)"
category = "main"
optional = false
python-versions = ">=3.7"
files = [
    {file = "pyftdi-0.54.0-py3-none-any.whl", hash = "sha256:112f16ee5b2a2becb8f8df9dd40b3bba007589f34e7613024122d94bd56eb7d7"},
    {file = "pyftdi-0.54.0.tar.gz", hash = "sha256:8df9af22077d17533d2f95b508b1d87959877627ea5dc2369056e90a3b5a232d"},
]

[package.dependencies]
pyserial = ">=3.0"
pyusb = ">=1.0.0,<1.2.0 || >1.2.0"

[[package]]
name = "pyserial"
version = "3.5"
description = "Python Serial Port Extension"
category = "main"
optional = false
python-versions = "*"
files = [
    {file = "pyserial-3.5-py2.py3-none-any.whl", hash = "sha256:c4451db6ba391ca6ca299fb3ec7bae67a5c55dde170964c7a14ceefec02f2cf0"},
    {file = "pyserial-3.5.tar.gz", hash = "sha256:3c77e014170dfffbd816e6ffc205e9842efb10be9f58ec16d3e8675b4925cddb"},
]

[package.extras]
cp2110 = ["hidapi"]

[[package]]
name = "pyusb"
version = "1.2.1"
description = "Python USB access module"
category = "main"
optional = false
python-versions = ">=3.6.0"
files = [
    {file = "pyusb-1.2.1-py3-none-any.whl", hash = "sha256:2b4c7cb86dbadf044dfb9d3a4ff69fd217013dbe78a792177a3feb172449ea36"},
    {file = "pyusb-1.2.1.tar.gz", hash = "sha256:a4cc7404a203144754164b8b40994e2849fde1cfff06b08492f12fff9d9de7b9"},
]

[[package]]
name = "typing-extensions"
version = "4.4.0"
description = "Backported and Experimental Type Hints for Python 3.7+"
category = "main"
optional = false
python-versions = ">=3.7"
files = [
    {file = "typing_extensions-4.4.0-py3-none-any.whl", hash = "sha256:16fa4864408f655d35ec496218b85f79b3437c829e93320c7c9215ccfd92489e"},
    {file = "typing_extensions-4.4.0.tar.gz", hash = "sha256:1511434bb92bf8dd198c12b1cc812e800d4181cfcb867674e0f8279cc93087aa"},
]

[metadata]
lock-version = "2.0"
python-versions = "^3.11"
content-hash = "8de051ff7990d63188159c0414e2577ea18aba329b6b60d4358c9cd20e7c393e"
